
Microsoft Visual Studio Solution File, Format Version 12.00
# Visual Studio Version 17
VisualStudioVersion = 17.6.33829.357
MinimumVisualStudioVersion = 10.0.40219.1
Project("{9A19103F-16F7-4668-BE54-9A1E7A4F7556}") = "Farmaceutica", "Farmaceutica.csproj", "{C56D9A55-8A0B-4C6E-B7D3-7E2DECDC1652}"
	ProjectSection(ProjectDependencies) = postProject
		{7AC70DC5-7E96-459E-BD35-8B1D02173DC6} = {7AC70DC5-7E96-459E-BD35-8B1D02173DC6}
	EndProjectSection
EndProject
Project("{9A19103F-16F7-4668-BE54-9A1E7A4F7556}") = "APIFarmaceutica", "APIFarmaceutica\APIFarmaceutica.csproj", "{7AC70DC5-7E96-459E-BD35-8B1D02173DC6}"
EndProject
Project("{FAE04EC0-301F-11D3-BF4B-00C04F79EFBC}") = "AccesoDatos", "AccesoDatos\AccesoDatos.csproj", "{18CE2170-AF23-49C7-8116-B2A5502C767B}"
EndProject
Global
	GlobalSection(SolutionConfigurationPlatforms) = preSolution
		Debug|Any CPU = Debug|Any CPU
		Release|Any CPU = Release|Any CPU
	EndGlobalSection
	GlobalSection(ProjectConfigurationPlatforms) = postSolution
		{C56D9A55-8A0B-4C6E-B7D3-7E2DECDC1652}.Debug|Any CPU.ActiveCfg = Debug|Any CPU
		{C56D9A55-8A0B-4C6E-B7D3-7E2DECDC1652}.Debug|Any CPU.Build.0 = Debug|Any CPU
		{C56D9A55-8A0B-4C6E-B7D3-7E2DECDC1652}.Release|Any CPU.ActiveCfg = Release|Any CPU
		{C56D9A55-8A0B-4C6E-B7D3-7E2DECDC1652}.Release|Any CPU.Build.0 = Release|Any CPU
		{7AC70DC5-7E96-459E-BD35-8B1D02173DC6}.Debug|Any CPU.ActiveCfg = Debug|Any CPU
		{7AC70DC5-7E96-459E-BD35-8B1D02173DC6}.Debug|Any CPU.Build.0 = Debug|Any CPU
		{7AC70DC5-7E96-459E-BD35-8B1D02173DC6}.Release|Any CPU.ActiveCfg = Release|Any CPU
		{7AC70DC5-7E96-459E-BD35-8B1D02173DC6}.Release|Any CPU.Build.0 = Release|Any CPU
		{18CE2170-AF23-49C7-8116-B2A5502C767B}.Debug|Any CPU.ActiveCfg = Debug|Any CPU
		{18CE2170-AF23-49C7-8116-B2A5502C767B}.Debug|Any CPU.Build.0 = Debug|Any CPU
		{18CE2170-AF23-49C7-8116-B2A5502C767B}.Release|Any CPU.ActiveCfg = Release|Any CPU
		{18CE2170-AF23-49C7-8116-B2A5502C767B}.Release|Any CPU.Build.0 = Release|Any CPU
	EndGlobalSection
	GlobalSection(SolutionProperties) = preSolution
		HideSolutionNode = FALSE
	EndGlobalSection
	GlobalSection(ExtensibilityGlobals) = postSolution
		SolutionGuid = {A8B68315-6163-4CEF-BC93-E4001965F262}
	EndGlobalSection
EndGlobal
